
Microsoft Visual Studio Solution File, Format Version 12.00
# Visual Studio 2012
Project("{FAE04EC0-301F-11D3-BF4B-00C04F79EFBC}") = "dpao", "dpao\dpao.csproj", "{7D90D387-67C0-4BEC-94AC-098AF803ECF9}"
EndProject
Project("{2150E333-8FDC-42A3-9474-1A3956D46DE8}") = ".nuget", ".nuget", "{7F2C3CDB-4587-411E-8975-003FAFCB7B5F}"
	ProjectSection(SolutionItems) = preProject
		.nuget\NuGet.Config = .nuget\NuGet.Config
		.nuget\NuGet.exe = .nuget\NuGet.exe
		.nuget\NuGet.targets = .nuget\NuGet.targets
	EndProjectSection
EndProject
Global
	GlobalSection(SolutionConfigurationPlatforms) = preSolution
		Debug|Any CPU = Debug|Any CPU
		Release|Any CPU = Release|Any CPU
	EndGlobalSection
	GlobalSection(ProjectConfigurationPlatforms) = postSolution
		{7D90D387-67C0-4BEC-94AC-098AF803ECF9}.Debug|Any CPU.ActiveCfg = Debug|Any CPU
		{7D90D387-67C0-4BEC-94AC-098AF803ECF9}.Debug|Any CPU.Build.0 = Debug|Any CPU
		{7D90D387-67C0-4BEC-94AC-098AF803ECF9}.Release|Any CPU.ActiveCfg = Release|Any CPU
		{7D90D387-67C0-4BEC-94AC-098AF803ECF9}.Release|Any CPU.Build.0 = Release|Any CPU
	EndGlobalSection
	GlobalSection(SolutionProperties) = preSolution
		HideSolutionNode = FALSE
	EndGlobalSection
EndGlobal
